
Microsoft Visual Studio Solution File, Format Version 12.00
# Visual Studio Version 16
VisualStudioVersion = 16.0.28803.352
MinimumVisualStudioVersion = 10.0.40219.1
Project("{FAE04EC0-301F-11D3-BF4B-00C04F79EFBC}") = "Inventory", "Inventory.csproj", "{52BA03FB-071B-433C-BFDF-D4979A7BC4DC}"
EndProject
Global
	GlobalSection(SolutionConfigurationPlatforms) = preSolution
		Debug|Any CPU = Debug|Any CPU
		Release|Any CPU = Release|Any CPU
	EndGlobalSection
	GlobalSection(ProjectConfigurationPlatforms) = postSolution
		{52BA03FB-071B-433C-BFDF-D4979A7BC4DC}.Debug|Any CPU.ActiveCfg = Debug|Any CPU
		{52BA03FB-071B-433C-BFDF-D4979A7BC4DC}.Debug|Any CPU.Build.0 = Debug|Any CPU
		{52BA03FB-071B-433C-BFDF-D4979A7BC4DC}.Release|Any CPU.ActiveCfg = Release|Any CPU
		{52BA03FB-071B-433C-BFDF-D4979A7BC4DC}.Release|Any CPU.Build.0 = Release|Any CPU
	EndGlobalSection
	GlobalSection(SolutionProperties) = preSolution
		HideSolutionNode = FALSE
	EndGlobalSection
	GlobalSection(ExtensibilityGlobals) = postSolution
		SolutionGuid = {E8633DCE-0FA6-460E-B4EF-E8F2D20634EC}
	EndGlobalSection
EndGlobal
